
Microsoft Visual Studio Solution File, Format Version 12.00
# Visual Studio Version 17
VisualStudioVersion = 17.10.34928.147
MinimumVisualStudioVersion = 10.0.40219.1
Project("{2150E333-8FDC-42A3-9474-1A3956D46DE8}") = "src", "src", "{EA94CDC3-CAF5-468A-A1AA-B79E17ACCA79}"
EndProject
Project("{2150E333-8FDC-42A3-9474-1A3956D46DE8}") = "Web", "Web", "{C4016A26-8F32-4DF0-B9B8-A330817CD356}"
EndProject
Project("{2150E333-8FDC-42A3-9474-1A3956D46DE8}") = "SolutionItems", "SolutionItems", "{8BC58AD8-F413-4999-93B2-1784BC40CF19}"
	ProjectSection(SolutionItems) = preProject
		doc\API.md = doc\API.md
		doc\APPLICATION.md = doc\APPLICATION.md
		doc\BLAZOR.md = doc\BLAZOR.md
		doc\DOMAIN.md = doc\DOMAIN.md
		global.json = global.json
		doc\INFRASTRUCTURE.md = doc\INFRASTRUCTURE.md
		LICENSE = LICENSE
		doc\MVC.md = doc\MVC.md
		doc\PRESISTENCE.md = doc\PRESISTENCE.md
		README.md = README.md
		doc\RELEASE.md = doc\RELEASE.md
		doc\UI.md = doc\UI.md
	EndProjectSection
EndProject
Project("{2150E333-8FDC-42A3-9474-1A3956D46DE8}") = "test", "test", "{D130A20F-4DDC-4E82-8951-AC2331BC4429}"
EndProject
Project("{2150E333-8FDC-42A3-9474-1A3956D46DE8}") = "Core", "Core", "{ABFFDA0B-A5E9-4283-9967-5468ADA40778}"
EndProject
Project("{2150E333-8FDC-42A3-9474-1A3956D46DE8}") = "Infrastructure", "Infrastructure", "{CA9C1AA6-14EB-4790-9A36-024D6BECA5A2}"
EndProject
Project("{9A19103F-16F7-4668-BE54-9A1E7A4F7556}") = "FX850P.Domain", "src\Core\FX850P.Domain\FX850P.Domain.csproj", "{A05C3F26-2CF5-4026-8A55-8E4E4EFDB127}"
EndProject
Project("{9A19103F-16F7-4668-BE54-9A1E7A4F7556}") = "FX850P.Application", "src\Core\FX850P.Application\FX850P.Application.csproj", "{122570FA-C7C7-4DC9-85C6-5EA3CF9D4D5C}"
EndProject
Project("{9A19103F-16F7-4668-BE54-9A1E7A4F7556}") = "FX850P.Infrastructure", "src\Infrastructure\FX850P.Infrastructure\FX850P.Infrastructure.csproj", "{3C757C11-ED1E-4CA7-8B6F-66DC4E12AA1F}"
EndProject
Project("{9A19103F-16F7-4668-BE54-9A1E7A4F7556}") = "FX850P.Presistence", "src\Infrastructure\FX850P.Presistence\FX850P.Presistence.csproj", "{CFEA726B-C0BF-4B74-8540-CECF6CB28263}"
EndProject
Project("{9A19103F-16F7-4668-BE54-9A1E7A4F7556}") = "FX850P.Presistence.MSSQL", "src\Infrastructure\FX850P.Presistence.MSSQL\FX850P.Presistence.MSSQL.csproj", "{6A66489B-7FBE-4645-A2F3-D15FD52CB265}"
EndProject
Project("{9A19103F-16F7-4668-BE54-9A1E7A4F7556}") = "FX850P.Presistence.PostgreSQL", "src\Infrastructure\FX850P.Presistence.PostgreSQL\FX850P.Presistence.PostgreSQL.csproj", "{B8068529-BC59-4683-8652-5E059071FD6F}"
EndProject
Project("{9A19103F-16F7-4668-BE54-9A1E7A4F7556}") = "FX850P.Presistence.SQLite", "src\Infrastructure\FX850P.Presistence.SQLite\FX850P.Presistence.SQLite.csproj", "{163076C1-09E7-4EFF-9112-DE9F43F43A9F}"
EndProject
Project("{9A19103F-16F7-4668-BE54-9A1E7A4F7556}") = "FX850P.Blazor", "src\Web\FX850P.Blazor\FX850P.Blazor.csproj", "{3284110C-C8CC-4480-A985-EDE8A128F0AB}"
EndProject
Global
	GlobalSection(SolutionConfigurationPlatforms) = preSolution
		Debug|Any CPU = Debug|Any CPU
		Release|Any CPU = Release|Any CPU
	EndGlobalSection
	GlobalSection(ProjectConfigurationPlatforms) = postSolution
		{A05C3F26-2CF5-4026-8A55-8E4E4EFDB127}.Debug|Any CPU.ActiveCfg = Debug|Any CPU
		{A05C3F26-2CF5-4026-8A55-8E4E4EFDB127}.Debug|Any CPU.Build.0 = Debug|Any CPU
		{A05C3F26-2CF5-4026-8A55-8E4E4EFDB127}.Release|Any CPU.ActiveCfg = Release|Any CPU
		{A05C3F26-2CF5-4026-8A55-8E4E4EFDB127}.Release|Any CPU.Build.0 = Release|Any CPU
		{122570FA-C7C7-4DC9-85C6-5EA3CF9D4D5C}.Debug|Any CPU.ActiveCfg = Debug|Any CPU
		{122570FA-C7C7-4DC9-85C6-5EA3CF9D4D5C}.Debug|Any CPU.Build.0 = Debug|Any CPU
		{122570FA-C7C7-4DC9-85C6-5EA3CF9D4D5C}.Release|Any CPU.ActiveCfg = Release|Any CPU
		{122570FA-C7C7-4DC9-85C6-5EA3CF9D4D5C}.Release|Any CPU.Build.0 = Release|Any CPU
		{3C757C11-ED1E-4CA7-8B6F-66DC4E12AA1F}.Debug|Any CPU.ActiveCfg = Debug|Any CPU
		{3C757C11-ED1E-4CA7-8B6F-66DC4E12AA1F}.Debug|Any CPU.Build.0 = Debug|Any CPU
		{3C757C11-ED1E-4CA7-8B6F-66DC4E12AA1F}.Release|Any CPU.ActiveCfg = Release|Any CPU
		{3C757C11-ED1E-4CA7-8B6F-66DC4E12AA1F}.Release|Any CPU.Build.0 = Release|Any CPU
		{CFEA726B-C0BF-4B74-8540-CECF6CB28263}.Debug|Any CPU.ActiveCfg = Debug|Any CPU
		{CFEA726B-C0BF-4B74-8540-CECF6CB28263}.Debug|Any CPU.Build.0 = Debug|Any CPU
		{CFEA726B-C0BF-4B74-8540-CECF6CB28263}.Release|Any CPU.ActiveCfg = Release|Any CPU
		{CFEA726B-C0BF-4B74-8540-CECF6CB28263}.Release|Any CPU.Build.0 = Release|Any CPU
		{6A66489B-7FBE-4645-A2F3-D15FD52CB265}.Debug|Any CPU.ActiveCfg = Debug|Any CPU
		{6A66489B-7FBE-4645-A2F3-D15FD52CB265}.Debug|Any CPU.Build.0 = Debug|Any CPU
		{6A66489B-7FBE-4645-A2F3-D15FD52CB265}.Release|Any CPU.ActiveCfg = Release|Any CPU
		{6A66489B-7FBE-4645-A2F3-D15FD52CB265}.Release|Any CPU.Build.0 = Release|Any CPU
		{B8068529-BC59-4683-8652-5E059071FD6F}.Debug|Any CPU.ActiveCfg = Debug|Any CPU
		{B8068529-BC59-4683-8652-5E059071FD6F}.Debug|Any CPU.Build.0 = Debug|Any CPU
		{B8068529-BC59-4683-8652-5E059071FD6F}.Release|Any CPU.ActiveCfg = Release|Any CPU
		{B8068529-BC59-4683-8652-5E059071FD6F}.Release|Any CPU.Build.0 = Release|Any CPU
		{163076C1-09E7-4EFF-9112-DE9F43F43A9F}.Debug|Any CPU.ActiveCfg = Debug|Any CPU
		{163076C1-09E7-4EFF-9112-DE9F43F43A9F}.Debug|Any CPU.Build.0 = Debug|Any CPU
		{163076C1-09E7-4EFF-9112-DE9F43F43A9F}.Release|Any CPU.ActiveCfg = Release|Any CPU
		{163076C1-09E7-4EFF-9112-DE9F43F43A9F}.Release|Any CPU.Build.0 = Release|Any CPU
		{3284110C-C8CC-4480-A985-EDE8A128F0AB}.Debug|Any CPU.ActiveCfg = Debug|Any CPU
		{3284110C-C8CC-4480-A985-EDE8A128F0AB}.Debug|Any CPU.Build.0 = Debug|Any CPU
		{3284110C-C8CC-4480-A985-EDE8A128F0AB}.Release|Any CPU.ActiveCfg = Release|Any CPU
		{3284110C-C8CC-4480-A985-EDE8A128F0AB}.Release|Any CPU.Build.0 = Release|Any CPU
	EndGlobalSection
	GlobalSection(SolutionProperties) = preSolution
		HideSolutionNode = FALSE
	EndGlobalSection
	GlobalSection(NestedProjects) = preSolution
		{C4016A26-8F32-4DF0-B9B8-A330817CD356} = {EA94CDC3-CAF5-468A-A1AA-B79E17ACCA79}
		{ABFFDA0B-A5E9-4283-9967-5468ADA40778} = {EA94CDC3-CAF5-468A-A1AA-B79E17ACCA79}
		{CA9C1AA6-14EB-4790-9A36-024D6BECA5A2} = {EA94CDC3-CAF5-468A-A1AA-B79E17ACCA79}
		{A05C3F26-2CF5-4026-8A55-8E4E4EFDB127} = {ABFFDA0B-A5E9-4283-9967-5468ADA40778}
		{122570FA-C7C7-4DC9-85C6-5EA3CF9D4D5C} = {ABFFDA0B-A5E9-4283-9967-5468ADA40778}
		{3C757C11-ED1E-4CA7-8B6F-66DC4E12AA1F} = {CA9C1AA6-14EB-4790-9A36-024D6BECA5A2}
		{CFEA726B-C0BF-4B74-8540-CECF6CB28263} = {CA9C1AA6-14EB-4790-9A36-024D6BECA5A2}
		{6A66489B-7FBE-4645-A2F3-D15FD52CB265} = {CA9C1AA6-14EB-4790-9A36-024D6BECA5A2}
		{B8068529-BC59-4683-8652-5E059071FD6F} = {CA9C1AA6-14EB-4790-9A36-024D6BECA5A2}
		{163076C1-09E7-4EFF-9112-DE9F43F43A9F} = {CA9C1AA6-14EB-4790-9A36-024D6BECA5A2}
		{3284110C-C8CC-4480-A985-EDE8A128F0AB} = {C4016A26-8F32-4DF0-B9B8-A330817CD356}
	EndGlobalSection
	GlobalSection(ExtensibilityGlobals) = postSolution
		SolutionGuid = {AEA8B5DF-044A-465F-A79B-A01911E66819}
	EndGlobalSection
EndGlobal
